
Microsoft Visual Studio Solution File, Format Version 12.00
# Visual Studio Version 16
VisualStudioVersion = 16.0.28803.352
MinimumVisualStudioVersion = 10.0.40219.1
Project("{9092AA53-FB77-4645-B42D-1CCCA6BD08BD}") = "finna-app", "finna-app\finna-app.njsproj", "{A5F6C4C1-C7C4-430C-A747-A2779FE87F77}"
EndProject
Global
	GlobalSection(SolutionConfigurationPlatforms) = preSolution
		Debug|Any CPU = Debug|Any CPU
		Release|Any CPU = Release|Any CPU
	EndGlobalSection
	GlobalSection(ProjectConfigurationPlatforms) = postSolution
		{A5F6C4C1-C7C4-430C-A747-A2779FE87F77}.Debug|Any CPU.ActiveCfg = Debug|Any CPU
		{A5F6C4C1-C7C4-430C-A747-A2779FE87F77}.Debug|Any CPU.Build.0 = Debug|Any CPU
		{A5F6C4C1-C7C4-430C-A747-A2779FE87F77}.Release|Any CPU.ActiveCfg = Release|Any CPU
		{A5F6C4C1-C7C4-430C-A747-A2779FE87F77}.Release|Any CPU.Build.0 = Release|Any CPU
	EndGlobalSection
	GlobalSection(SolutionProperties) = preSolution
		HideSolutionNode = FALSE
	EndGlobalSection
	GlobalSection(ExtensibilityGlobals) = postSolution
		SolutionGuid = {09CC061B-718D-4BE0-961D-F39687F9D9F3}
	EndGlobalSection
EndGlobal
